
Microsoft Visual Studio Solution File, Format Version 12.00
# Visual Studio 15
VisualStudioVersion = 15.0.27130.2010
MinimumVisualStudioVersion = 10.0.40219.1
Project("{FAE04EC0-301F-11D3-BF4B-00C04F79EFBC}") = "XamarinIntro.Android", "XamarinIntro\XamarinIntro.Android\XamarinIntro.Android.csproj", "{C18AB97D-9253-4BC0-A2CE-B1265ED4EDD1}"
EndProject
Project("{FAE04EC0-301F-11D3-BF4B-00C04F79EFBC}") = "XamarinIntro.iOS", "XamarinIntro\XamarinIntro.iOS\XamarinIntro.iOS.csproj", "{DD1AE561-E3B5-4CA8-84E1-9C7F704087BF}"
EndProject
Project("{FAE04EC0-301F-11D3-BF4B-00C04F79EFBC}") = "XamarinIntro.UWP", "XamarinIntro\XamarinIntro.UWP\XamarinIntro.UWP.csproj", "{DA18B348-4884-403C-9B46-08E88A0D262A}"
EndProject
Project("{FAE04EC0-301F-11D3-BF4B-00C04F79EFBC}") = "XamarinIntro", "XamarinIntro\XamarinIntro\XamarinIntro.csproj", "{ABDCB744-6901-4EDF-B420-3443D33F8D42}"
EndProject
Global
	GlobalSection(SolutionConfigurationPlatforms) = preSolution
		Ad-Hoc|Any CPU = Ad-Hoc|Any CPU
		Ad-Hoc|ARM = Ad-Hoc|ARM
		Ad-Hoc|iPhone = Ad-Hoc|iPhone
		Ad-Hoc|iPhoneSimulator = Ad-Hoc|iPhoneSimulator
		Ad-Hoc|x64 = Ad-Hoc|x64
		Ad-Hoc|x86 = Ad-Hoc|x86
		AppStore|Any CPU = AppStore|Any CPU
		AppStore|ARM = AppStore|ARM
		AppStore|iPhone = AppStore|iPhone
		AppStore|iPhoneSimulator = AppStore|iPhoneSimulator
		AppStore|x64 = AppStore|x64
		AppStore|x86 = AppStore|x86
		Debug|Any CPU = Debug|Any CPU
		Debug|ARM = Debug|ARM
		Debug|iPhone = Debug|iPhone
		Debug|iPhoneSimulator = Debug|iPhoneSimulator
		Debug|x64 = Debug|x64
		Debug|x86 = Debug|x86
		Release|Any CPU = Release|Any CPU
		Release|ARM = Release|ARM
		Release|iPhone = Release|iPhone
		Release|iPhoneSimulator = Release|iPhoneSimulator
		Release|x64 = Release|x64
		Release|x86 = Release|x86
	EndGlobalSection
	GlobalSection(ProjectConfigurationPlatforms) = postSolution
		{C18AB97D-9253-4BC0-A2CE-B1265ED4EDD1}.Ad-Hoc|Any CPU.ActiveCfg = Release|Any CPU
		{C18AB97D-9253-4BC0-A2CE-B1265ED4EDD1}.Ad-Hoc|Any CPU.Build.0 = Release|Any CPU
		{C18AB97D-9253-4BC0-A2CE-B1265ED4EDD1}.Ad-Hoc|Any CPU.Deploy.0 = Release|Any CPU
		{C18AB97D-9253-4BC0-A2CE-B1265ED4EDD1}.Ad-Hoc|ARM.ActiveCfg = Release|Any CPU
		{C18AB97D-9253-4BC0-A2CE-B1265ED4EDD1}.Ad-Hoc|ARM.Build.0 = Release|Any CPU
		{C18AB97D-9253-4BC0-A2CE-B1265ED4EDD1}.Ad-Hoc|ARM.Deploy.0 = Release|Any CPU
		{C18AB97D-9253-4BC0-A2CE-B1265ED4EDD1}.Ad-Hoc|iPhone.ActiveCfg = Release|Any CPU
		{C18AB97D-9253-4BC0-A2CE-B1265ED4EDD1}.Ad-Hoc|iPhone.Build.0 = Release|Any CPU
		{C18AB97D-9253-4BC0-A2CE-B1265ED4EDD1}.Ad-Hoc|iPhone.Deploy.0 = Release|Any CPU
		{C18AB97D-9253-4BC0-A2CE-B1265ED4EDD1}.Ad-Hoc|iPhoneSimulator.ActiveCfg = Release|Any CPU
		{C18AB97D-9253-4BC0-A2CE-B1265ED4EDD1}.Ad-Hoc|iPhoneSimulator.Build.0 = Release|Any CPU
		{C18AB97D-9253-4BC0-A2CE-B1265ED4EDD1}.Ad-Hoc|iPhoneSimulator.Deploy.0 = Release|Any CPU
		{C18AB97D-9253-4BC0-A2CE-B1265ED4EDD1}.Ad-Hoc|x64.ActiveCfg = Release|Any CPU
		{C18AB97D-9253-4BC0-A2CE-B1265ED4EDD1}.Ad-Hoc|x64.Build.0 = Release|Any CPU
		{C18AB97D-9253-4BC0-A2CE-B1265ED4EDD1}.Ad-Hoc|x64.Deploy.0 = Release|Any CPU
		{C18AB97D-9253-4BC0-A2CE-B1265ED4EDD1}.Ad-Hoc|x86.ActiveCfg = Release|Any CPU
		{C18AB97D-9253-4BC0-A2CE-B1265ED4EDD1}.Ad-Hoc|x86.Build.0 = Release|Any CPU
		{C18AB97D-9253-4BC0-A2CE-B1265ED4EDD1}.Ad-Hoc|x86.Deploy.0 = Release|Any CPU
		{C18AB97D-9253-4BC0-A2CE-B1265ED4EDD1}.AppStore|Any CPU.ActiveCfg = Release|Any CPU
		{C18AB97D-9253-4BC0-A2CE-B1265ED4EDD1}.AppStore|Any CPU.Build.0 = Release|Any CPU
		{C18AB97D-9253-4BC0-A2CE-B1265ED4EDD1}.AppStore|Any CPU.Deploy.0 = Release|Any CPU
		{C18AB97D-9253-4BC0-A2CE-B1265ED4EDD1}.AppStore|ARM.ActiveCfg = Release|Any CPU
		{C18AB97D-9253-4BC0-A2CE-B1265ED4EDD1}.AppStore|ARM.Build.0 = Release|Any CPU
		{C18AB97D-9253-4BC0-A2CE-B1265ED4EDD1}.AppStore|ARM.Deploy.0 = Release|Any CPU
		{C18AB97D-9253-4BC0-A2CE-B1265ED4EDD1}.AppStore|iPhone.ActiveCfg = Release|Any CPU
		{C18AB97D-9253-4BC0-A2CE-B1265ED4EDD1}.AppStore|iPhone.Build.0 = Release|Any CPU
		{C18AB97D-9253-4BC0-A2CE-B1265ED4EDD1}.AppStore|iPhone.Deploy.0 = Release|Any CPU
		{C18AB97D-9253-4BC0-A2CE-B1265ED4EDD1}.AppStore|iPhoneSimulator.ActiveCfg = Release|Any CPU
		{C18AB97D-9253-4BC0-A2CE-B1265ED4EDD1}.AppStore|iPhoneSimulator.Build.0 = Release|Any CPU
		{C18AB97D-9253-4BC0-A2CE-B1265ED4EDD1}.AppStore|iPhoneSimulator.Deploy.0 = Release|Any CPU
		{C18AB97D-9253-4BC0-A2CE-B1265ED4EDD1}.AppStore|x64.ActiveCfg = Release|Any CPU
		{C18AB97D-9253-4BC0-A2CE-B1265ED4EDD1}.AppStore|x64.Build.0 = Release|Any CPU
		{C18AB97D-9253-4BC0-A2CE-B1265ED4EDD1}.AppStore|x64.Deploy.0 = Release|Any CPU
		{C18AB97D-9253-4BC0-A2CE-B1265ED4EDD1}.AppStore|x86.ActiveCfg = Release|Any CPU
		{C18AB97D-9253-4BC0-A2CE-B1265ED4EDD1}.AppStore|x86.Build.0 = Release|Any CPU
		{C18AB97D-9253-4BC0-A2CE-B1265ED4EDD1}.AppStore|x86.Deploy.0 = Release|Any CPU
		{C18AB97D-9253-4BC0-A2CE-B1265ED4EDD1}.Debug|Any CPU.ActiveCfg = Debug|Any CPU
		{C18AB97D-9253-4BC0-A2CE-B1265ED4EDD1}.Debug|Any CPU.Build.0 = Debug|Any CPU
		{C18AB97D-9253-4BC0-A2CE-B1265ED4EDD1}.Debug|Any CPU.Deploy.0 = Debug|Any CPU
		{C18AB97D-9253-4BC0-A2CE-B1265ED4EDD1}.Debug|ARM.ActiveCfg = Debug|Any CPU
		{C18AB97D-9253-4BC0-A2CE-B1265ED4EDD1}.Debug|ARM.Build.0 = Debug|Any CPU
		{C18AB97D-9253-4BC0-A2CE-B1265ED4EDD1}.Debug|ARM.Deploy.0 = Debug|Any CPU
		{C18AB97D-9253-4BC0-A2CE-B1265ED4EDD1}.Debug|iPhone.ActiveCfg = Debug|Any CPU
		{C18AB97D-9253-4BC0-A2CE-B1265ED4EDD1}.Debug|iPhone.Build.0 = Debug|Any CPU
		{C18AB97D-9253-4BC0-A2CE-B1265ED4EDD1}.Debug|iPhone.Deploy.0 = Debug|Any CPU
		{C18AB97D-9253-4BC0-A2CE-B1265ED4EDD1}.Debug|iPhoneSimulator.ActiveCfg = Debug|Any CPU
		{C18AB97D-9253-4BC0-A2CE-B1265ED4EDD1}.Debug|iPhoneSimulator.Build.0 = Debug|Any CPU
		{C18AB97D-9253-4BC0-A2CE-B1265ED4EDD1}.Debug|iPhoneSimulator.Deploy.0 = Debug|Any CPU
		{C18AB97D-9253-4BC0-A2CE-B1265ED4EDD1}.Debug|x64.ActiveCfg = Debug|Any CPU
		{C18AB97D-9253-4BC0-A2CE-B1265ED4EDD1}.Debug|x64.Build.0 = Debug|Any CPU
		{C18AB97D-9253-4BC0-A2CE-B1265ED4EDD1}.Debug|x64.Deploy.0 = Debug|Any CPU
		{C18AB97D-9253-4BC0-A2CE-B1265ED4EDD1}.Debug|x86.ActiveCfg = Debug|Any CPU
		{C18AB97D-9253-4BC0-A2CE-B1265ED4EDD1}.Debug|x86.Build.0 = Debug|Any CPU
		{C18AB97D-9253-4BC0-A2CE-B1265ED4EDD1}.Debug|x86.Deploy.0 = Debug|Any CPU
		{C18AB97D-9253-4BC0-A2CE-B1265ED4EDD1}.Release|Any CPU.ActiveCfg = Release|Any CPU
		{C18AB97D-9253-4BC0-A2CE-B1265ED4EDD1}.Release|Any CPU.Build.0 = Release|Any CPU
		{C18AB97D-9253-4BC0-A2CE-B1265ED4EDD1}.Release|Any CPU.Deploy.0 = Release|Any CPU
		{C18AB97D-9253-4BC0-A2CE-B1265ED4EDD1}.Release|ARM.ActiveCfg = Release|Any CPU
		{C18AB97D-9253-4BC0-A2CE-B1265ED4EDD1}.Release|ARM.Build.0 = Release|Any CPU
		{C18AB97D-9253-4BC0-A2CE-B1265ED4EDD1}.Release|ARM.Deploy.0 = Release|Any CPU
		{C18AB97D-9253-4BC0-A2CE-B1265ED4EDD1}.Release|iPhone.ActiveCfg = Release|Any CPU
		{C18AB97D-9253-4BC0-A2CE-B1265ED4EDD1}.Release|iPhone.Build.0 = Release|Any CPU
		{C18AB97D-9253-4BC0-A2CE-B1265ED4EDD1}.Release|iPhone.Deploy.0 = Release|Any CPU
		{C18AB97D-9253-4BC0-A2CE-B1265ED4EDD1}.Release|iPhoneSimulator.ActiveCfg = Release|Any CPU
		{C18AB97D-9253-4BC0-A2CE-B1265ED4EDD1}.Release|iPhoneSimulator.Build.0 = Release|Any CPU
		{C18AB97D-9253-4BC0-A2CE-B1265ED4EDD1}.Release|iPhoneSimulator.Deploy.0 = Release|Any CPU
		{C18AB97D-9253-4BC0-A2CE-B1265ED4EDD1}.Release|x64.ActiveCfg = Release|Any CPU
		{C18AB97D-9253-4BC0-A2CE-B1265ED4EDD1}.Release|x64.Build.0 = Release|Any CPU
		{C18AB97D-9253-4BC0-A2CE-B1265ED4EDD1}.Release|x64.Deploy.0 = Release|Any CPU
		{C18AB97D-9253-4BC0-A2CE-B1265ED4EDD1}.Release|x86.ActiveCfg = Release|Any CPU
		{C18AB97D-9253-4BC0-A2CE-B1265ED4EDD1}.Release|x86.Build.0 = Release|Any CPU
		{C18AB97D-9253-4BC0-A2CE-B1265ED4EDD1}.Release|x86.Deploy.0 = Release|Any CPU
		{DD1AE561-E3B5-4CA8-84E1-9C7F704087BF}.Ad-Hoc|Any CPU.ActiveCfg = Ad-Hoc|iPhone
		{DD1AE561-E3B5-4CA8-84E1-9C7F704087BF}.Ad-Hoc|ARM.ActiveCfg = Ad-Hoc|iPhone
		{DD1AE561-E3B5-4CA8-84E1-9C7F704087BF}.Ad-Hoc|iPhone.ActiveCfg = Ad-Hoc|iPhone
		{DD1AE561-E3B5-4CA8-84E1-9C7F704087BF}.Ad-Hoc|iPhone.Build.0 = Ad-Hoc|iPhone
		{DD1AE561-E3B5-4CA8-84E1-9C7F704087BF}.Ad-Hoc|iPhoneSimulator.ActiveCfg = Ad-Hoc|iPhoneSimulator
		{DD1AE561-E3B5-4CA8-84E1-9C7F704087BF}.Ad-Hoc|iPhoneSimulator.Build.0 = Ad-Hoc|iPhoneSimulator
		{DD1AE561-E3B5-4CA8-84E1-9C7F704087BF}.Ad-Hoc|x64.ActiveCfg = Ad-Hoc|iPhone
		{DD1AE561-E3B5-4CA8-84E1-9C7F704087BF}.Ad-Hoc|x86.ActiveCfg = Ad-Hoc|iPhone
		{DD1AE561-E3B5-4CA8-84E1-9C7F704087BF}.AppStore|Any CPU.ActiveCfg = AppStore|iPhone
		{DD1AE561-E3B5-4CA8-84E1-9C7F704087BF}.AppStore|ARM.ActiveCfg = AppStore|iPhone
		{DD1AE561-E3B5-4CA8-84E1-9C7F704087BF}.AppStore|iPhone.ActiveCfg = AppStore|iPhone
		{DD1AE561-E3B5-4CA8-84E1-9C7F704087BF}.AppStore|iPhone.Build.0 = AppStore|iPhone
		{DD1AE561-E3B5-4CA8-84E1-9C7F704087BF}.AppStore|iPhoneSimulator.ActiveCfg = AppStore|iPhoneSimulator
		{DD1AE561-E3B5-4CA8-84E1-9C7F704087BF}.AppStore|iPhoneSimulator.Build.0 = AppStore|iPhoneSimulator
		{DD1AE561-E3B5-4CA8-84E1-9C7F704087BF}.AppStore|x64.ActiveCfg = AppStore|iPhone
		{DD1AE561-E3B5-4CA8-84E1-9C7F704087BF}.AppStore|x86.ActiveCfg = AppStore|iPhone
		{DD1AE561-E3B5-4CA8-84E1-9C7F704087BF}.Debug|Any CPU.ActiveCfg = Debug|iPhone
		{DD1AE561-E3B5-4CA8-84E1-9C7F704087BF}.Debug|ARM.ActiveCfg = Debug|iPhone
		{DD1AE561-E3B5-4CA8-84E1-9C7F704087BF}.Debug|iPhone.ActiveCfg = Debug|iPhone
		{DD1AE561-E3B5-4CA8-84E1-9C7F704087BF}.Debug|iPhone.Build.0 = Debug|iPhone
		{DD1AE561-E3B5-4CA8-84E1-9C7F704087BF}.Debug|iPhoneSimulator.ActiveCfg = Debug|iPhoneSimulator
		{DD1AE561-E3B5-4CA8-84E1-9C7F704087BF}.Debug|iPhoneSimulator.Build.0 = Debug|iPhoneSimulator
		{DD1AE561-E3B5-4CA8-84E1-9C7F704087BF}.Debug|x64.ActiveCfg = Debug|iPhone
		{DD1AE561-E3B5-4CA8-84E1-9C7F704087BF}.Debug|x86.ActiveCfg = Debug|iPhone
		{DD1AE561-E3B5-4CA8-84E1-9C7F704087BF}.Release|Any CPU.ActiveCfg = Release|iPhone
		{DD1AE561-E3B5-4CA8-84E1-9C7F704087BF}.Release|ARM.ActiveCfg = Release|iPhone
		{DD1AE561-E3B5-4CA8-84E1-9C7F704087BF}.Release|iPhone.ActiveCfg = Release|iPhone
		{DD1AE561-E3B5-4CA8-84E1-9C7F704087BF}.Release|iPhone.Build.0 = Release|iPhone
		{DD1AE561-E3B5-4CA8-84E1-9C7F704087BF}.Release|iPhoneSimulator.ActiveCfg = Release|iPhoneSimulator
		{DD1AE561-E3B5-4CA8-84E1-9C7F704087BF}.Release|iPhoneSimulator.Build.0 = Release|iPhoneSimulator
		{DD1AE561-E3B5-4CA8-84E1-9C7F704087BF}.Release|x64.ActiveCfg = Release|iPhone
		{DD1AE561-E3B5-4CA8-84E1-9C7F704087BF}.Release|x86.ActiveCfg = Release|iPhone
		{DA18B348-4884-403C-9B46-08E88A0D262A}.Ad-Hoc|Any CPU.ActiveCfg = Release|x86
		{DA18B348-4884-403C-9B46-08E88A0D262A}.Ad-Hoc|Any CPU.Build.0 = Release|x86
		{DA18B348-4884-403C-9B46-08E88A0D262A}.Ad-Hoc|Any CPU.Deploy.0 = Release|x86
		{DA18B348-4884-403C-9B46-08E88A0D262A}.Ad-Hoc|ARM.ActiveCfg = Release|ARM
		{DA18B348-4884-403C-9B46-08E88A0D262A}.Ad-Hoc|ARM.Build.0 = Release|ARM
		{DA18B348-4884-403C-9B46-08E88A0D262A}.Ad-Hoc|ARM.Deploy.0 = Release|ARM
		{DA18B348-4884-403C-9B46-08E88A0D262A}.Ad-Hoc|iPhone.ActiveCfg = Release|x86
		{DA18B348-4884-403C-9B46-08E88A0D262A}.Ad-Hoc|iPhone.Build.0 = Release|x86
		{DA18B348-4884-403C-9B46-08E88A0D262A}.Ad-Hoc|iPhone.Deploy.0 = Release|x86
		{DA18B348-4884-403C-9B46-08E88A0D262A}.Ad-Hoc|iPhoneSimulator.ActiveCfg = Release|x86
		{DA18B348-4884-403C-9B46-08E88A0D262A}.Ad-Hoc|iPhoneSimulator.Build.0 = Release|x86
		{DA18B348-4884-403C-9B46-08E88A0D262A}.Ad-Hoc|iPhoneSimulator.Deploy.0 = Release|x86
		{DA18B348-4884-403C-9B46-08E88A0D262A}.Ad-Hoc|x64.ActiveCfg = Release|x64
		{DA18B348-4884-403C-9B46-08E88A0D262A}.Ad-Hoc|x64.Build.0 = Release|x64
		{DA18B348-4884-403C-9B46-08E88A0D262A}.Ad-Hoc|x64.Deploy.0 = Release|x64
		{DA18B348-4884-403C-9B46-08E88A0D262A}.Ad-Hoc|x86.ActiveCfg = Release|x86
		{DA18B348-4884-403C-9B46-08E88A0D262A}.Ad-Hoc|x86.Build.0 = Release|x86
		{DA18B348-4884-403C-9B46-08E88A0D262A}.Ad-Hoc|x86.Deploy.0 = Release|x86
		{DA18B348-4884-403C-9B46-08E88A0D262A}.AppStore|Any CPU.ActiveCfg = Release|x86
		{DA18B348-4884-403C-9B46-08E88A0D262A}.AppStore|Any CPU.Build.0 = Release|x86
		{DA18B348-4884-403C-9B46-08E88A0D262A}.AppStore|Any CPU.Deploy.0 = Release|x86
		{DA18B348-4884-403C-9B46-08E88A0D262A}.AppStore|ARM.ActiveCfg = Release|ARM
		{DA18B348-4884-403C-9B46-08E88A0D262A}.AppStore|ARM.Build.0 = Release|ARM
		{DA18B348-4884-403C-9B46-08E88A0D262A}.AppStore|ARM.Deploy.0 = Release|ARM
		{DA18B348-4884-403C-9B46-08E88A0D262A}.AppStore|iPhone.ActiveCfg = Release|x86
		{DA18B348-4884-403C-9B46-08E88A0D262A}.AppStore|iPhone.Build.0 = Release|x86
		{DA18B348-4884-403C-9B46-08E88A0D262A}.AppStore|iPhone.Deploy.0 = Release|x86
		{DA18B348-4884-403C-9B46-08E88A0D262A}.AppStore|iPhoneSimulator.ActiveCfg = Release|x86
		{DA18B348-4884-403C-9B46-08E88A0D262A}.AppStore|iPhoneSimulator.Build.0 = Release|x86
		{DA18B348-4884-403C-9B46-08E88A0D262A}.AppStore|iPhoneSimulator.Deploy.0 = Release|x86
		{DA18B348-4884-403C-9B46-08E88A0D262A}.AppStore|x64.ActiveCfg = Release|x64
		{DA18B348-4884-403C-9B46-08E88A0D262A}.AppStore|x64.Build.0 = Release|x64
		{DA18B348-4884-403C-9B46-08E88A0D262A}.AppStore|x64.Deploy.0 = Release|x64
		{DA18B348-4884-403C-9B46-08E88A0D262A}.AppStore|x86.ActiveCfg = Release|x86
		{DA18B348-4884-403C-9B46-08E88A0D262A}.AppStore|x86.Build.0 = Release|x86
		{DA18B348-4884-403C-9B46-08E88A0D262A}.AppStore|x86.Deploy.0 = Release|x86
		{DA18B348-4884-403C-9B46-08E88A0D262A}.Debug|Any CPU.ActiveCfg = Debug|x86
		{DA18B348-4884-403C-9B46-08E88A0D262A}.Debug|ARM.ActiveCfg = Debug|ARM
		{DA18B348-4884-403C-9B46-08E88A0D262A}.Debug|ARM.Build.0 = Debug|ARM
		{DA18B348-4884-403C-9B46-08E88A0D262A}.Debug|ARM.Deploy.0 = Debug|ARM
		{DA18B348-4884-403C-9B46-08E88A0D262A}.Debug|iPhone.ActiveCfg = Debug|x86
		{DA18B348-4884-403C-9B46-08E88A0D262A}.Debug|iPhoneSimulator.ActiveCfg = Debug|x86
		{DA18B348-4884-403C-9B46-08E88A0D262A}.Debug|x64.ActiveCfg = Debug|x64
		{DA18B348-4884-403C-9B46-08E88A0D262A}.Debug|x64.Build.0 = Debug|x64
		{DA18B348-4884-403C-9B46-08E88A0D262A}.Debug|x64.Deploy.0 = Debug|x64
		{DA18B348-4884-403C-9B46-08E88A0D262A}.Debug|x86.ActiveCfg = Debug|x86
		{DA18B348-4884-403C-9B46-08E88A0D262A}.Debug|x86.Build.0 = Debug|x86
		{DA18B348-4884-403C-9B46-08E88A0D262A}.Debug|x86.Deploy.0 = Debug|x86
		{DA18B348-4884-403C-9B46-08E88A0D262A}.Release|Any CPU.ActiveCfg = Release|x86
		{DA18B348-4884-403C-9B46-08E88A0D262A}.Release|ARM.ActiveCfg = Release|ARM
		{DA18B348-4884-403C-9B46-08E88A0D262A}.Release|ARM.Build.0 = Release|ARM
		{DA18B348-4884-403C-9B46-08E88A0D262A}.Release|ARM.Deploy.0 = Release|ARM
		{DA18B348-4884-403C-9B46-08E88A0D262A}.Release|iPhone.ActiveCfg = Release|x86
		{DA18B348-4884-403C-9B46-08E88A0D262A}.Release|iPhoneSimulator.ActiveCfg = Release|x86
		{DA18B348-4884-403C-9B46-08E88A0D262A}.Release|x64.ActiveCfg = Release|x64
		{DA18B348-4884-403C-9B46-08E88A0D262A}.Release|x64.Build.0 = Release|x64
		{DA18B348-4884-403C-9B46-08E88A0D262A}.Release|x64.Deploy.0 = Release|x64
		{DA18B348-4884-403C-9B46-08E88A0D262A}.Release|x86.ActiveCfg = Release|x86
		{DA18B348-4884-403C-9B46-08E88A0D262A}.Release|x86.Build.0 = Release|x86
		{DA18B348-4884-403C-9B46-08E88A0D262A}.Release|x86.Deploy.0 = Release|x86
		{ABDCB744-6901-4EDF-B420-3443D33F8D42}.Ad-Hoc|Any CPU.ActiveCfg = Debug|Any CPU
		{ABDCB744-6901-4EDF-B420-3443D33F8D42}.Ad-Hoc|Any CPU.Build.0 = Debug|Any CPU
		{ABDCB744-6901-4EDF-B420-3443D33F8D42}.Ad-Hoc|ARM.ActiveCfg = Debug|Any CPU
		{ABDCB744-6901-4EDF-B420-3443D33F8D42}.Ad-Hoc|ARM.Build.0 = Debug|Any CPU
		{ABDCB744-6901-4EDF-B420-3443D33F8D42}.Ad-Hoc|iPhone.ActiveCfg = Debug|Any CPU
		{ABDCB744-6901-4EDF-B420-3443D33F8D42}.Ad-Hoc|iPhone.Build.0 = Debug|Any CPU
		{ABDCB744-6901-4EDF-B420-3443D33F8D42}.Ad-Hoc|iPhoneSimulator.ActiveCfg = Debug|Any CPU
		{ABDCB744-6901-4EDF-B420-3443D33F8D42}.Ad-Hoc|iPhoneSimulator.Build.0 = Debug|Any CPU
		{ABDCB744-6901-4EDF-B420-3443D33F8D42}.Ad-Hoc|x64.ActiveCfg = Debug|Any CPU
		{ABDCB744-6901-4EDF-B420-3443D33F8D42}.Ad-Hoc|x64.Build.0 = Debug|Any CPU
		{ABDCB744-6901-4EDF-B420-3443D33F8D42}.Ad-Hoc|x86.ActiveCfg = Debug|Any CPU
		{ABDCB744-6901-4EDF-B420-3443D33F8D42}.Ad-Hoc|x86.Build.0 = Debug|Any CPU
		{ABDCB744-6901-4EDF-B420-3443D33F8D42}.AppStore|Any CPU.ActiveCfg = Debug|Any CPU
		{ABDCB744-6901-4EDF-B420-3443D33F8D42}.AppStore|Any CPU.Build.0 = Debug|Any CPU
		{ABDCB744-6901-4EDF-B420-3443D33F8D42}.AppStore|ARM.ActiveCfg = Debug|Any CPU
		{ABDCB744-6901-4EDF-B420-3443D33F8D42}.AppStore|ARM.Build.0 = Debug|Any CPU
		{ABDCB744-6901-4EDF-B420-3443D33F8D42}.AppStore|iPhone.ActiveCfg = Debug|Any CPU
		{ABDCB744-6901-4EDF-B420-3443D33F8D42}.AppStore|iPhone.Build.0 = Debug|Any CPU
		{ABDCB744-6901-4EDF-B420-3443D33F8D42}.AppStore|iPhoneSimulator.ActiveCfg = Debug|Any CPU
		{ABDCB744-6901-4EDF-B420-3443D33F8D42}.AppStore|iPhoneSimulator.Build.0 = Debug|Any CPU
		{ABDCB744-6901-4EDF-B420-3443D33F8D42}.AppStore|x64.ActiveCfg = Debug|Any CPU
		{ABDCB744-6901-4EDF-B420-3443D33F8D42}.AppStore|x64.Build.0 = Debug|Any CPU
		{ABDCB744-6901-4EDF-B420-3443D33F8D42}.AppStore|x86.ActiveCfg = Debug|Any CPU
		{ABDCB744-6901-4EDF-B420-3443D33F8D42}.AppStore|x86.Build.0 = Debug|Any CPU
		{ABDCB744-6901-4EDF-B420-3443D33F8D42}.Debug|Any CPU.ActiveCfg = Debug|Any CPU
		{ABDCB744-6901-4EDF-B420-3443D33F8D42}.Debug|Any CPU.Build.0 = Debug|Any CPU
		{ABDCB744-6901-4EDF-B420-3443D33F8D42}.Debug|ARM.ActiveCfg = Debug|Any CPU
		{ABDCB744-6901-4EDF-B420-3443D33F8D42}.Debug|ARM.Build.0 = Debug|Any CPU
		{ABDCB744-6901-4EDF-B420-3443D33F8D42}.Debug|iPhone.ActiveCfg = Debug|Any CPU
		{ABDCB744-6901-4EDF-B420-3443D33F8D42}.Debug|iPhone.Build.0 = Debug|Any CPU
		{ABDCB744-6901-4EDF-B420-3443D33F8D42}.Debug|iPhoneSimulator.ActiveCfg = Debug|Any CPU
		{ABDCB744-6901-4EDF-B420-3443D33F8D42}.Debug|iPhoneSimulator.Build.0 = Debug|Any CPU
		{ABDCB744-6901-4EDF-B420-3443D33F8D42}.Debug|x64.ActiveCfg = Debug|Any CPU
		{ABDCB744-6901-4EDF-B420-3443D33F8D42}.Debug|x64.Build.0 = Debug|Any CPU
		{ABDCB744-6901-4EDF-B420-3443D33F8D42}.Debug|x86.ActiveCfg = Debug|Any CPU
		{ABDCB744-6901-4EDF-B420-3443D33F8D42}.Debug|x86.Build.0 = Debug|Any CPU
		{ABDCB744-6901-4EDF-B420-3443D33F8D42}.Release|Any CPU.ActiveCfg = Release|Any CPU
		{ABDCB744-6901-4EDF-B420-3443D33F8D42}.Release|Any CPU.Build.0 = Release|Any CPU
		{ABDCB744-6901-4EDF-B420-3443D33F8D42}.Release|ARM.ActiveCfg = Release|Any CPU
		{ABDCB744-6901-4EDF-B420-3443D33F8D42}.Release|ARM.Build.0 = Release|Any CPU
		{ABDCB744-6901-4EDF-B420-3443D33F8D42}.Release|iPhone.ActiveCfg = Release|Any CPU
		{ABDCB744-6901-4EDF-B420-3443D33F8D42}.Release|iPhone.Build.0 = Release|Any CPU
		{ABDCB744-6901-4EDF-B420-3443D33F8D42}.Release|iPhoneSimulator.ActiveCfg = Release|Any CPU
		{ABDCB744-6901-4EDF-B420-3443D33F8D42}.Release|iPhoneSimulator.Build.0 = Release|Any CPU
		{ABDCB744-6901-4EDF-B420-3443D33F8D42}.Release|x64.ActiveCfg = Release|Any CPU
		{ABDCB744-6901-4EDF-B420-3443D33F8D42}.Release|x64.Build.0 = Release|Any CPU
		{ABDCB744-6901-4EDF-B420-3443D33F8D42}.Release|x86.ActiveCfg = Release|Any CPU
		{ABDCB744-6901-4EDF-B420-3443D33F8D42}.Release|x86.Build.0 = Release|Any CPU
	EndGlobalSection
	GlobalSection(SolutionProperties) = preSolution
		HideSolutionNode = FALSE
	EndGlobalSection
	GlobalSection(ExtensibilityGlobals) = postSolution
		SolutionGuid = {B3526AD5-7594-4B96-9F02-898506417413}
	EndGlobalSection
EndGlobal
